
Microsoft Visual Studio Solution File, Format Version 12.00
# Visual Studio 2013
VisualStudioVersion = 12.0.30501.0
MinimumVisualStudioVersion = 10.0.40219.1
Project("{FAE04EC0-301F-11D3-BF4B-00C04F79EFBC}") = "Welcome_Chicago_Data_Portal", "Welcome_Chicago_Data_Portal\Welcome_Chicago_Data_Portal.csproj", "{6987A119-AAE3-4C50-A53A-5F5735276093}"
EndProject
Project("{FAE04EC0-301F-11D3-BF4B-00C04F79EFBC}") = "Charts-LifeExpectancy", "..\Charts-LifeExpectancy\Charts-LifeExpectancy\Charts-LifeExpectancy.csproj", "{D15F3CA3-2004-4B9E-87AB-35263B7E2E55}"
EndProject
Global
	GlobalSection(SolutionConfigurationPlatforms) = preSolution
		Debug|Any CPU = Debug|Any CPU
		Release|Any CPU = Release|Any CPU
	EndGlobalSection
	GlobalSection(ProjectConfigurationPlatforms) = postSolution
		{6987A119-AAE3-4C50-A53A-5F5735276093}.Debug|Any CPU.ActiveCfg = Debug|Any CPU
		{6987A119-AAE3-4C50-A53A-5F5735276093}.Debug|Any CPU.Build.0 = Debug|Any CPU
		{6987A119-AAE3-4C50-A53A-5F5735276093}.Release|Any CPU.ActiveCfg = Release|Any CPU
		{6987A119-AAE3-4C50-A53A-5F5735276093}.Release|Any CPU.Build.0 = Release|Any CPU
		{D15F3CA3-2004-4B9E-87AB-35263B7E2E55}.Debug|Any CPU.ActiveCfg = Debug|Any CPU
		{D15F3CA3-2004-4B9E-87AB-35263B7E2E55}.Debug|Any CPU.Build.0 = Debug|Any CPU
		{D15F3CA3-2004-4B9E-87AB-35263B7E2E55}.Release|Any CPU.ActiveCfg = Release|Any CPU
		{D15F3CA3-2004-4B9E-87AB-35263B7E2E55}.Release|Any CPU.Build.0 = Release|Any CPU
	EndGlobalSection
	GlobalSection(SolutionProperties) = preSolution
		HideSolutionNode = FALSE
	EndGlobalSection
EndGlobal
